// !$*UTF8*$!
{
	archiveVersion = 1;
	classes = {
	};
	objectVersion = 50;
	objects = {

/* Begin PBXBuildFile section */
		ED079887249ACBAF00360D31 /* AppDelegate.swift in Sources */ = {isa = PBXBuildFile; fileRef = ED079886249ACBAF00360D31 /* AppDelegate.swift */; };
		ED079889249ACBAF00360D31 /* SceneDelegate.swift in Sources */ = {isa = PBXBuildFile; fileRef = ED079888249ACBAF00360D31 /* SceneDelegate.swift */; };
		ED07988B249ACBAF00360D31 /* ViewController.swift in Sources */ = {isa = PBXBuildFile; fileRef = ED07988A249ACBAF00360D31 /* ViewController.swift */; };
		ED07988E249ACBAF00360D31 /* Main.storyboard in Resources */ = {isa = PBXBuildFile; fileRef = ED07988C249ACBAF00360D31 /* Main.storyboard */; };
		ED079890249ACBB200360D31 /* Assets.xcassets in Resources */ = {isa = PBXBuildFile; fileRef = ED07988F249ACBB200360D31 /* Assets.xcassets */; };
		ED079893249ACBB200360D31 /* LaunchScreen.storyboard in Resources */ = {isa = PBXBuildFile; fileRef = ED079891249ACBB200360D31 /* LaunchScreen.storyboard */; };
		ED07989B249AD0E100360D31 /* Tela3ViewController.swift in Sources */ = {isa = PBXBuildFile; fileRef = ED07989A249AD0E100360D31 /* Tela3ViewController.swift */; };
/* End PBXBuildFile section */

/* Begin PBXFileReference section */
		ED079883249ACBAF00360D31 /* DemoNavigationControll.app */ = {isa = PBXFileReference; explicitFileType = wrapper.application; includeInIndex = 0; path = DemoNavigationControll.app; sourceTree = BUILT_PRODUCTS_DIR; };
		ED079886249ACBAF00360D31 /* AppDelegate.swift */ = {isa = PBXFileReference; lastKnownFileType = sourcecode.swift; path = AppDelegate.swift; sourceTree = "<group>"; };
		ED079888249ACBAF00360D31 /* SceneDelegate.swift */ = {isa = PBXFileReference; lastKnownFileType = sourcecode.swift; path = SceneDelegate.swift; sourceTree = "<group>"; };
		ED07988A249ACBAF00360D31 /* ViewController.swift */ = {isa = PBXFileReference; lastKnownFileType = sourcecode.swift; path = ViewController.swift; sourceTree = "<group>"; };
		ED07988D249ACBAF00360D31 /* Base */ = {isa = PBXFileReference; lastKnownFileType = file.storyboard; name = Base; path = Base.lproj/Main.storyboard; sourceTree = "<group>"; };
		ED07988F249ACBB200360D31 /* Assets.xcassets */ = {isa = PBXFileReference; lastKnownFileType = folder.assetcatalog; path = Assets.xcassets; sourceTree = "<group>"; };
		ED079892249ACBB200360D31 /* Base */ = {isa = PBXFileReference; lastKnownFileType = file.storyboard; name = Base; path = Base.lproj/LaunchScreen.storyboard; sourceTree = "<group>"; };
		ED079894249ACBB200360D31 /* Info.plist */ = {isa = PBXFileReference; lastKnownFileType = text.plist.xml; path = Info.plist; sourceTree = "<group>"; };
		ED07989A249AD0E100360D31 /* Tela3ViewController.swift */ = {isa = PBXFileReference; lastKnownFileType = sourcecode.swift; path = Tela3ViewController.swift; sourceTree = "<group>"; };
/* End PBXFileReference section */

/* Begin PBXFrameworksBuildPhase section */
		ED079880249ACBAF00360D31 /* Frameworks */ = {
			isa = PBXFrameworksBuildPhase;
			buildActionMask = 2147483647;
			files = (
			);
			runOnlyForDeploymentPostprocessing = 0;
		};
/* End PBXFrameworksBuildPhase section */

/* Begin PBXGroup section */
		ED07987A249ACBAF00360D31 = {
			isa = PBXGroup;
			children = (
				ED079885249ACBAF00360D31 /* DemoNavigationControll */,
				ED079884249ACBAF00360D31 /* Products */,
			);
			sourceTree = "<group>";
		};
		ED079884249ACBAF00360D31 /* Products */ = {
			isa = PBXGroup;
			children = (
				ED079883249ACBAF00360D31 /* DemoNavigationControll.app */,
			);
			name = Products;
			sourceTree = "<group>";
		};
		ED079885249ACBAF00360D31 /* DemoNavigationControll */ = {
			isa = PBXGroup;
			children = (
				ED079886249ACBAF00360D31 /* AppDelegate.swift */,
				ED079888249ACBAF00360D31 /* SceneDelegate.swift */,
				ED07988A249ACBAF00360D31 /* ViewController.swift */,
				ED07988C249ACBAF00360D31 /* Main.storyboard */,
				ED07988F249ACBB200360D31 /* Assets.xcassets */,
				ED079891249ACBB200360D31 /* LaunchScreen.storyboard */,
				ED079894249ACBB200360D31 /* Info.plist */,
				ED07989A249AD0E100360D31 /* Tela3ViewController.swift */,
			);
			path = DemoNavigationControll;
			sourceTree = "<group>";
		};
/* End PBXGroup section */

/* Begin PBXNativeTarget section */
		ED079882249ACBAF00360D31 /* DemoNavigationControll */ = {
			isa = PBXNativeTarget;
			buildConfigurationList = ED079897249ACBB200360D31 /* Build configuration list for PBXNativeTarget "DemoNavigationControll" */;
			buildPhases = (
				ED07987F249ACBAF00360D31 /* Sources */,
				ED079880249ACBAF00360D31 /* Frameworks */,
				ED079881249ACBAF00360D31 /* Resources */,
			);
			buildRules = (
			);
			dependencies = (
			);
			name = DemoNavigationControll;
			productName = DemoNavigationControll;
			productReference = ED079883249ACBAF00360D31 /* DemoNavigationControll.app */;
			productType = "com.apple.product-type.application";
		};
/* End PBXNativeTarget section */

/* Begin PBXProject section */
		ED07987B249ACBAF00360D31 /* Project object */ = {
			isa = PBXProject;
			attributes = {
				LastSwiftUpdateCheck = 1150;
				LastUpgradeCheck = 1150;
				ORGANIZATIONNAME = "CESAR School";
				TargetAttributes = {
					ED079882249ACBAF00360D31 = {
						CreatedOnToolsVersion = 11.5;
					};
				};
			};
			buildConfigurationList = ED07987E249ACBAF00360D31 /* Build configuration list for PBXProject "DemoNavigationControll" */;
			compatibilityVersion = "Xcode 9.3";
			developmentRegion = en;
			hasScannedForEncodings = 0;
			knownRegions = (
				en,
				Base,
			);
			mainGroup = ED07987A249ACBAF00360D31;
			productRefGroup = ED079884249ACBAF00360D31 /* Products */;
			projectDirPath = "";
			projectRoot = "";
			targets = (
				ED079882249ACBAF00360D31 /* DemoNavigationControll */,
			);
		};
/* End PBXProject section */

/* Begin PBXResourcesBuildPhase section */
		ED079881249ACBAF00360D31 /* Resources */ = {
			isa = PBXResourcesBuildPhase;
			buildActionMask = 2147483647;
			files = (
				ED079893249ACBB200360D31 /* LaunchScreen.storyboard in Resources */,
				ED079890249ACBB200360D31 /* Assets.xcassets in Resources */,
				ED07988E249ACBAF00360D31 /* Main.storyboard in Resources */,
			);
			runOnlyForDeploymentPostprocessing = 0;
		};
/* End PBXResourcesBuildPhase section */

/* Begin PBXSourcesBuildPhase section */
		ED07987F249ACBAF00360D31 /* Sources */ = {
			isa = PBXSourcesBuildPhase;
			buildActionMask = 2147483647;
			files = (
				ED07989B249AD0E100360D31 /* Tela3ViewController.swift in Sources */,
				ED07988B249ACBAF00360D31 /* ViewController.swift in Sources */,
				ED079887249ACBAF00360D31 /* AppDelegate.swift in Sources */,
				ED079889249ACBAF00360D31 /* SceneDelegate.swift in Sources */,
			);
			runOnlyForDeploymentPostprocessing = 0;
		};
/* End PBXSourcesBuildPhase section */

/* Begin PBXVariantGroup section */
		ED07988C249ACBAF00360D31 /* Main.storyboard */ = {
			isa = PBXVariantGroup;
			children = (
				ED07988D249ACBAF00360D31 /* Base */,
			);
			name = Main.storyboard;
			sourceTree = "<group>";
		};
		ED079891249ACBB200360D31 /* LaunchScreen.storyboard */ = {
			isa = PBXVariantGroup;
			children = (
				ED079892249ACBB200360D31 /* Base */,
			);
			name = LaunchScreen.storyboard;
			sourceTree = "<group>";
		};
/* End PBXVariantGroup section */

/* Begin XCBuildConfiguration section */
		ED079895249ACBB200360D31 /* Debug */ = {
			isa = XCBuildConfiguration;
			buildSettings = {
				ALWAYS_SEARCH_USER_PATHS = NO;
				CLANG_ANALYZER_NONNULL = YES;
				CLANG_ANALYZER_NUMBER_OBJECT_CONVERSION = YES_AGGRESSIVE;
				CLANG_CXX_LANGUAGE_STANDARD = "gnu++14";
				CLANG_CXX_LIBRARY = "libc++";
				CLANG_ENABLE_MODULES = YES;
				CLANG_ENABLE_OBJC_ARC = YES;
				CLANG_ENABLE_OBJC_WEAK = YES;
				CLANG_WARN_BLOCK_CAPTURE_AUTORELEASING = YES;
				CLANG_WARN_BOOL_CONVERSION = YES;
				CLANG_WARN_COMMA = YES;
				CLANG_WARN_CONSTANT_CONVERSION = YES;
				CLANG_WARN_DEPRECATED_OBJC_IMPLEMENTATIONS = YES;
				CLANG_WARN_DIRECT_OBJC_ISA_USAGE = YES_ERROR;
				CLANG_WARN_DOCUMENTATION_COMMENTS = YES;
				CLANG_WARN_EMPTY_BODY = YES;
				CLANG_WARN_ENUM_CONVERSION = YES;
				CLANG_WARN_INFINITE_RECURSION = YES;
				CLANG_WARN_INT_CONVERSION = YES;
				CLANG_WARN_NON_LITERAL_NULL_CONVERSION = YES;
				CLANG_WARN_OBJC_IMPLICIT_RETAIN_SELF = YES;
				CLANG_WARN_OBJC_LITERAL_CONVERSION = YES;
				CLANG_WARN_OBJC_ROOT_CLASS = YES_ERROR;
				CLANG_WARN_RANGE_LOOP_ANALYSIS = YES;
				CLANG_WARN_STRICT_PROTOTYPES = YES;
				CLANG_WARN_SUSPICIOUS_MOVE = YES;
				CLANG_WARN_UNGUARDED_AVAILABILITY = YES_AGGRESSIVE;
				CLANG_WARN_UNREACHABLE_CODE = YES;
				CLANG_WARN__DUPLICATE_METHOD_MATCH = YES;
				COPY_PHASE_STRIP = NO;
				DEBUG_INFORMATION_FORMAT = dwarf;
				ENABLE_STRICT_OBJC_MSGSEND = YES;
				ENABLE_TESTABILITY = YES;
				GCC_C_LANGUAGE_STANDARD = gnu11;
				GCC_DYNAMIC_NO_PIC = NO;
				GCC_NO_COMMON_BLOCKS = YES;
				GCC_OPTIMIZATION_LEVEL = 0;
				GCC_PREPROCESSOR_DEFINITIONS = (
					"DEBUG=1",
					"$(inherited)",
				);
				GCC_WARN_64_TO_32_BIT_CONVERSION = YES;
				GCC_WARN_ABOUT_RETURN_TYPE = YES_ERROR;
				GCC_WARN_UNDECLARED_SELECTOR = YES;
				GCC_WARN_UNINITIALIZED_AUTOS = YES_AGGRESSIVE;
				GCC_WARN_UNUSED_FUNCTION = YES;
				GCC_WARN_UNUSED_VARIABLE = YES;
				IPHONEOS_DEPLOYMENT_TARGET = 13.5;
				MTL_ENABLE_DEBUG_INFO = INCLUDE_SOURCE;
				MTL_FAST_MATH = YES;
				ONLY_ACTIVE_ARCH = YES;
				SDKROOT = iphoneos;
				SWIFT_ACTIVE_COMPILATION_CONDITIONS = DEBUG;
				SWIFT_OPTIMIZATION_LEVEL = "-Onone";
			};
			name = Debug;
		};
		ED079896249ACBB200360D31 /* Release */ = {
			isa = XCBuildConfiguration;
			buildSettings = {
				ALWAYS_SEARCH_USER_PATHS = NO;
				CLANG_ANALYZER_NONNULL = YES;
				CLANG_ANALYZER_NUMBER_OBJECT_CONVERSION = YES_AGGRESSIVE;
				CLANG_CXX_LANGUAGE_STANDARD = "gnu++14";
				CLANG_CXX_LIBRARY = "libc++";
				CLANG_ENABLE_MODULES = YES;
				CLANG_ENABLE_OBJC_ARC = YES;
				CLANG_ENABLE_OBJC_WEAK = YES;
				CLANG_WARN_BLOCK_CAPTURE_AUTORELEASING = YES;
				CLANG_WARN_BOOL_CONVERSION = YES;
				CLANG_WARN_COMMA = YES;
				CLANG_WARN_CONSTANT_CONVERSION = YES;
				CLANG_WARN_DEPRECATED_OBJC_IMPLEMENTATIONS = YES;
				CLANG_WARN_DIRECT_OBJC_ISA_USAGE = YES_ERROR;
				CLANG_WARN_DOCUMENTATION_COMMENTS = YES;
				CLANG_WARN_EMPTY_BODY = YES;
				CLANG_WARN_ENUM_CONVERSION = YES;
				CLANG_WARN_INFINITE_RECURSION = YES;
				CLANG_WARN_INT_CONVERSION = YES;
				CLANG_WARN_NON_LITERAL_NULL_CONVERSION = YES;
				CLANG_WARN_OBJC_IMPLICIT_RETAIN_SELF = YES;
				CLANG_WARN_OBJC_LITERAL_CONVERSION = YES;
				CLANG_WARN_OBJC_ROOT_CLASS = YES_ERROR;
				CLANG_WARN_RANGE_LOOP_ANALYSIS = YES;
				CLANG_WARN_STRICT_PROTOTYPES = YES;
				CLANG_WARN_SUSPICIOUS_MOVE = YES;
				CLANG_WARN_UNGUARDED_AVAILABILITY = YES_AGGRESSIVE;
				CLANG_WARN_UNREACHABLE_CODE = YES;
				CLANG_WARN__DUPLICATE_METHOD_MATCH = YES;
				COPY_PHASE_STRIP = NO;
				DEBUG_INFORMATION_FORMAT = "dwarf-with-dsym";
				ENABLE_NS_ASSERTIONS = NO;
				ENABLE_STRICT_OBJC_MSGSEND = YES;
				GCC_C_LANGUAGE_STANDARD = gnu11;
				GCC_NO_COMMON_BLOCKS = YES;
				GCC_WARN_64_TO_32_BIT_CONVERSION = YES;
				GCC_WARN_ABOUT_RETURN_TYPE = YES_ERROR;
				GCC_WARN_UNDECLARED_SELECTOR = YES;
				GCC_WARN_UNINITIALIZED_AUTOS = YES_AGGRESSIVE;
				GCC_WARN_UNUSED_FUNCTION = YES;
				GCC_WARN_UNUSED_VARIABLE = YES;
				IPHONEOS_DEPLOYMENT_TARGET = 13.5;
				MTL_ENABLE_DEBUG_INFO = NO;
				MTL_FAST_MATH = YES;
				SDKROOT = iphoneos;
				SWIFT_COMPILATION_MODE = wholemodule;
				SWIFT_OPTIMIZATION_LEVEL = "-O";
				VALIDATE_PRODUCT = YES;
			};
			name = Release;
		};
		ED079898249ACBB200360D31 /* Debug */ = {
			isa = XCBuildConfiguration;
			buildSettings = {
				ASSETCATALOG_COMPILER_APPICON_NAME = AppIcon;
				CODE_SIGN_STYLE = Automatic;
				INFOPLIST_FILE = DemoNavigationControll/Info.plist;
				LD_RUNPATH_SEARCH_PATHS = (
					"$(inherited)",
					"@executable_path/Frameworks",
				);
				PRODUCT_BUNDLE_IDENTIFIER = school.cesar.iOSBasico.Aula3.DemoNavigationControll;
				PRODUCT_NAME = "$(TARGET_NAME)";
				SWIFT_VERSION = 5.0;
				TARGETED_DEVICE_FAMILY = 1;
			};
			name = Debug;
		};
		ED079899249ACBB200360D31 /* Release */ = {
			isa = XCBuildConfiguration;
			buildSettings = {
				ASSETCATALOG_COMPILER_APPICON_NAME = AppIcon;
				CODE_SIGN_STYLE = Automatic;
				INFOPLIST_FILE = DemoNavigationControll/Info.plist;
				LD_RUNPATH_SEARCH_PATHS = (
					"$(inherited)",
					"@executable_path/Frameworks",
				);
				PRODUCT_BUNDLE_IDENTIFIER = school.cesar.iOSBasico.Aula3.DemoNavigationControll;
				PRODUCT_NAME = "$(TARGET_NAME)";
				SWIFT_VERSION = 5.0;
				TARGETED_DEVICE_FAMILY = 1;
			};
			name = Release;
		};
/* End XCBuildConfiguration section */

/* Begin XCConfigurationList section */
		ED07987E249ACBAF00360D31 /* Build configuration list for PBXProject "DemoNavigationControll" */ = {
			isa = XCConfigurationList;
			buildConfigurations = (
				ED079895249ACBB200360D31 /* Debug */,
				ED079896249ACBB200360D31 /* Release */,
			);
			defaultConfigurationIsVisible = 0;
			defaultConfigurationName = Release;
		};
		ED079897249ACBB200360D31 /* Build configuration list for PBXNativeTarget "DemoNavigationControll" */ = {
			isa = XCConfigurationList;
			buildConfigurations = (
				ED079898249ACBB200360D31 /* Debug */,
				ED079899249ACBB200360D31 /* Release */,
			);
			defaultConfigurationIsVisible = 0;
			defaultConfigurationName = Release;
		};
/* End XCConfigurationList section */
	};
	rootObject = ED07987B249ACBAF00360D31 /* Project object */;
}
